
Microsoft Visual Studio Solution File, Format Version 12.00
# Visual Studio 14
VisualStudioVersion = 14.0.22823.1
MinimumVisualStudioVersion = 10.0.40219.1
Project("{2150E333-8FDC-42A3-9474-1A3956D46DE8}") = "Docs", "Docs", "{8775A24A-727B-4F18-8DEF-765547E058FA}"
	ProjectSection(SolutionItems) = preProject
		README.md = README.md
	EndProjectSection
EndProject
Project("{2150E333-8FDC-42A3-9474-1A3956D46DE8}") = "Platforms", "Platforms", "{FEF993CD-A62C-43EB-B1D4-A98D110594BD}"
EndProject
Project("{D954291E-2A0B-460D-934E-DC6B0785DB48}") = "XTiled", "XTiled\XTiled.shproj", "{EA9D9180-E0D2-4909-BEF3-A246083D2A26}"
EndProject
Project("{D954291E-2A0B-460D-934E-DC6B0785DB48}") = "XTiledExtensions", "XTiledExtensions\XTiledExtensions.shproj", "{4887BF52-B868-48FF-B850-CDCA11BA4F20}"
EndProject
Project("{FAE04EC0-301F-11D3-BF4B-00C04F79EFBC}") = "XTiledExtensions [MonoGame]", "XTiledExtensions\XTiledExtensions [MonoGame].csproj", "{C813FA2A-A70B-4B1A-9CFC-BF9A0DBC26E2}"
EndProject
Project("{2150E333-8FDC-42A3-9474-1A3956D46DE8}") = "MonoGame", "MonoGame", "{4BAE147E-13E9-4F1F-943E-3B83CEB5356D}"
EndProject
Project("{2150E333-8FDC-42A3-9474-1A3956D46DE8}") = "Xbox", "Xbox", "{BA065B0B-A744-4B1D-92E9-9EC81C155E38}"
EndProject
Project("{2150E333-8FDC-42A3-9474-1A3956D46DE8}") = "Windows", "Windows", "{92887150-2657-4FE9-AC7B-9D0EEFFF1C99}"
EndProject
Project("{2150E333-8FDC-42A3-9474-1A3956D46DE8}") = "XNA", "XNA", "{5FC01E90-E1E8-4014-9BE2-88384EE5A1B7}"
EndProject
Project("{FAE04EC0-301F-11D3-BF4B-00C04F79EFBC}") = "XTiled [MonoGame]", "XTiled\XTiled [MonoGame].csproj", "{5785AD15-6EFF-4E9D-97A4-408B4B808420}"
EndProject
Project("{9344BDBB-3E7F-41FC-A0DD-8665D75EE146}") = "DocGen", "DocGen\DocGen.csproj", "{9B39CC17-2487-47B5-838A-5CC1A4C3D081}"
EndProject
Project("{9344BDBB-3E7F-41FC-A0DD-8665D75EE146}") = "TestGameContent", "TestGame\TestGameContent\TestGameContent.contentproj", "{62764FB6-94B9-4F83-A790-9BEF5DC82498}"
EndProject
Project("{9344BDBB-3E7F-41FC-A0DD-8665D75EE146}") = "XTiledExtensions", "XTiledExtensions\XTiledExtensions.csproj", "{9AD0C230-43BD-4134-9FE7-DCD0167A47FF}"
EndProject
Project("{9344BDBB-3E7F-41FC-A0DD-8665D75EE146}") = "XTiled [Xbox]", "XTiled\XTiled [Xbox].csproj", "{2BD10BAE-3E09-45FB-A684-D16B8861FC46}"
EndProject
Project("{9344BDBB-3E7F-41FC-A0DD-8665D75EE146}") = "TestGame [Xbox]", "TestGame\TestGame\TestGame [Xbox].csproj", "{0F1D9300-E625-4113-961F-0E11B902FB1C}"
EndProject
Project("{9344BDBB-3E7F-41FC-A0DD-8665D75EE146}") = "TestGame [Windows]", "TestGame\TestGame\TestGame [Windows].csproj", "{5016D664-F073-4052-9B7D-E1B0E4C90BC9}"
	ProjectSection(ProjectDependencies) = postProject
		{9AD0C230-43BD-4134-9FE7-DCD0167A47FF} = {9AD0C230-43BD-4134-9FE7-DCD0167A47FF}
	EndProjectSection
EndProject
Project("{9344BDBB-3E7F-41FC-A0DD-8665D75EE146}") = "XTiled [Windows]", "XTiled\XTiled [Windows].csproj", "{425409FA-C03A-448E-9776-59AB6C17AD30}"
EndProject
Project("{2150E333-8FDC-42A3-9474-1A3956D46DE8}") = "Standard", "Standard", "{D79C9720-EE85-4D63-B625-FB27EE7E2631}"
EndProject
Project("{FAE04EC0-301F-11D3-BF4B-00C04F79EFBC}") = "XTiledExtensions [Standard]", "XTiledExtensions\XTiledExtensions [Standard].csproj", "{FD5214BB-0C81-491F-96DD-7967F645E9B5}"
EndProject
Project("{FAE04EC0-301F-11D3-BF4B-00C04F79EFBC}") = "XTiled [Standard]", "XTiled\XTiled [Standard].csproj", "{4A4503E7-D564-47AF-86B7-CBB26A8EAA5F}"
EndProject
Global
	GlobalSection(SharedMSBuildProjectFiles) = preSolution
		XTiled\XTiled.projitems*{ea9d9180-e0d2-4909-bef3-a246083d2a26}*SharedItemsImports = 13
		XTiled\XTiled.projitems*{c813fa2a-a70b-4b1a-9cfc-bf9a0dbc26e2}*SharedItemsImports = 4
		XTiledExtensions\XTiledExtensions.projitems*{c813fa2a-a70b-4b1a-9cfc-bf9a0dbc26e2}*SharedItemsImports = 4
		XTiledExtensions\XTiledExtensions.projitems*{4887bf52-b868-48ff-b850-cdca11ba4f20}*SharedItemsImports = 13
		XTiled\XTiled.projitems*{ac3fae00-c94c-4fe3-969f-232241195224}*SharedItemsImports = 4
		XTiledExtensions\XTiledExtensions.projitems*{ac3fae00-c94c-4fe3-969f-232241195224}*SharedItemsImports = 4
		XTiled\XTiled.projitems*{5785ad15-6eff-4e9d-97a4-408b4b808420}*SharedItemsImports = 4
	EndGlobalSection
	GlobalSection(SolutionConfigurationPlatforms) = preSolution
		Debug|Any CPU = Debug|Any CPU
		Debug|Mixed Platforms = Debug|Mixed Platforms
		Debug|x86 = Debug|x86
		Debug|Xbox 360 = Debug|Xbox 360
		Release|Any CPU = Release|Any CPU
		Release|Mixed Platforms = Release|Mixed Platforms
		Release|x86 = Release|x86
		Release|Xbox 360 = Release|Xbox 360
	EndGlobalSection
	GlobalSection(ProjectConfigurationPlatforms) = postSolution
		{C813FA2A-A70B-4B1A-9CFC-BF9A0DBC26E2}.Debug|Any CPU.ActiveCfg = Debug|Any CPU
		{C813FA2A-A70B-4B1A-9CFC-BF9A0DBC26E2}.Debug|Any CPU.Build.0 = Debug|Any CPU
		{C813FA2A-A70B-4B1A-9CFC-BF9A0DBC26E2}.Debug|Mixed Platforms.ActiveCfg = Debug|Any CPU
		{C813FA2A-A70B-4B1A-9CFC-BF9A0DBC26E2}.Debug|Mixed Platforms.Build.0 = Debug|Any CPU
		{C813FA2A-A70B-4B1A-9CFC-BF9A0DBC26E2}.Debug|x86.ActiveCfg = Debug|Any CPU
		{C813FA2A-A70B-4B1A-9CFC-BF9A0DBC26E2}.Debug|x86.Build.0 = Debug|Any CPU
		{C813FA2A-A70B-4B1A-9CFC-BF9A0DBC26E2}.Debug|Xbox 360.ActiveCfg = Debug|Any CPU
		{C813FA2A-A70B-4B1A-9CFC-BF9A0DBC26E2}.Debug|Xbox 360.Build.0 = Debug|Any CPU
		{C813FA2A-A70B-4B1A-9CFC-BF9A0DBC26E2}.Release|Any CPU.ActiveCfg = Release|Any CPU
		{C813FA2A-A70B-4B1A-9CFC-BF9A0DBC26E2}.Release|Any CPU.Build.0 = Release|Any CPU
		{C813FA2A-A70B-4B1A-9CFC-BF9A0DBC26E2}.Release|Mixed Platforms.ActiveCfg = Release|Any CPU
		{C813FA2A-A70B-4B1A-9CFC-BF9A0DBC26E2}.Release|Mixed Platforms.Build.0 = Release|Any CPU
		{C813FA2A-A70B-4B1A-9CFC-BF9A0DBC26E2}.Release|x86.ActiveCfg = Release|Any CPU
		{C813FA2A-A70B-4B1A-9CFC-BF9A0DBC26E2}.Release|x86.Build.0 = Release|Any CPU
		{C813FA2A-A70B-4B1A-9CFC-BF9A0DBC26E2}.Release|Xbox 360.ActiveCfg = Release|Any CPU
		{C813FA2A-A70B-4B1A-9CFC-BF9A0DBC26E2}.Release|Xbox 360.Build.0 = Release|Any CPU
		{5785AD15-6EFF-4E9D-97A4-408B4B808420}.Debug|Any CPU.ActiveCfg = Debug|Any CPU
		{5785AD15-6EFF-4E9D-97A4-408B4B808420}.Debug|Any CPU.Build.0 = Debug|Any CPU
		{5785AD15-6EFF-4E9D-97A4-408B4B808420}.Debug|Mixed Platforms.ActiveCfg = Debug|Any CPU
		{5785AD15-6EFF-4E9D-97A4-408B4B808420}.Debug|Mixed Platforms.Build.0 = Debug|Any CPU
		{5785AD15-6EFF-4E9D-97A4-408B4B808420}.Debug|x86.ActiveCfg = Debug|Any CPU
		{5785AD15-6EFF-4E9D-97A4-408B4B808420}.Debug|x86.Build.0 = Debug|Any CPU
		{5785AD15-6EFF-4E9D-97A4-408B4B808420}.Debug|Xbox 360.ActiveCfg = Debug|Any CPU
		{5785AD15-6EFF-4E9D-97A4-408B4B808420}.Debug|Xbox 360.Build.0 = Debug|Any CPU
		{5785AD15-6EFF-4E9D-97A4-408B4B808420}.Release|Any CPU.ActiveCfg = Release|Any CPU
		{5785AD15-6EFF-4E9D-97A4-408B4B808420}.Release|Any CPU.Build.0 = Release|Any CPU
		{5785AD15-6EFF-4E9D-97A4-408B4B808420}.Release|Mixed Platforms.ActiveCfg = Release|Any CPU
		{5785AD15-6EFF-4E9D-97A4-408B4B808420}.Release|Mixed Platforms.Build.0 = Release|Any CPU
		{5785AD15-6EFF-4E9D-97A4-408B4B808420}.Release|x86.ActiveCfg = Release|Any CPU
		{5785AD15-6EFF-4E9D-97A4-408B4B808420}.Release|x86.Build.0 = Release|Any CPU
		{5785AD15-6EFF-4E9D-97A4-408B4B808420}.Release|Xbox 360.ActiveCfg = Release|Any CPU
		{5785AD15-6EFF-4E9D-97A4-408B4B808420}.Release|Xbox 360.Build.0 = Release|Any CPU
		{9B39CC17-2487-47B5-838A-5CC1A4C3D081}.Debug|Any CPU.ActiveCfg = Debug|x86
		{9B39CC17-2487-47B5-838A-5CC1A4C3D081}.Debug|Mixed Platforms.ActiveCfg = Debug|x86
		{9B39CC17-2487-47B5-838A-5CC1A4C3D081}.Debug|Mixed Platforms.Build.0 = Debug|x86
		{9B39CC17-2487-47B5-838A-5CC1A4C3D081}.Debug|x86.ActiveCfg = Debug|x86
		{9B39CC17-2487-47B5-838A-5CC1A4C3D081}.Debug|x86.Build.0 = Debug|x86
		{9B39CC17-2487-47B5-838A-5CC1A4C3D081}.Debug|Xbox 360.ActiveCfg = Debug|x86
		{9B39CC17-2487-47B5-838A-5CC1A4C3D081}.Release|Any CPU.ActiveCfg = Release|x86
		{9B39CC17-2487-47B5-838A-5CC1A4C3D081}.Release|Mixed Platforms.ActiveCfg = Release|x86
		{9B39CC17-2487-47B5-838A-5CC1A4C3D081}.Release|Mixed Platforms.Build.0 = Release|x86
		{9B39CC17-2487-47B5-838A-5CC1A4C3D081}.Release|x86.ActiveCfg = Release|x86
		{9B39CC17-2487-47B5-838A-5CC1A4C3D081}.Release|x86.Build.0 = Release|x86
		{9B39CC17-2487-47B5-838A-5CC1A4C3D081}.Release|Xbox 360.ActiveCfg = Release|x86
		{62764FB6-94B9-4F83-A790-9BEF5DC82498}.Debug|Any CPU.ActiveCfg = Debug|x86
		{62764FB6-94B9-4F83-A790-9BEF5DC82498}.Debug|Mixed Platforms.ActiveCfg = Debug|x86
		{62764FB6-94B9-4F83-A790-9BEF5DC82498}.Debug|x86.ActiveCfg = Debug|x86
		{62764FB6-94B9-4F83-A790-9BEF5DC82498}.Debug|Xbox 360.ActiveCfg = Debug|x86
		{62764FB6-94B9-4F83-A790-9BEF5DC82498}.Release|Any CPU.ActiveCfg = Release|x86
		{62764FB6-94B9-4F83-A790-9BEF5DC82498}.Release|Mixed Platforms.ActiveCfg = Release|x86
		{62764FB6-94B9-4F83-A790-9BEF5DC82498}.Release|x86.ActiveCfg = Release|x86
		{62764FB6-94B9-4F83-A790-9BEF5DC82498}.Release|Xbox 360.ActiveCfg = Release|x86
		{9AD0C230-43BD-4134-9FE7-DCD0167A47FF}.Debug|Any CPU.ActiveCfg = Debug|x86
		{9AD0C230-43BD-4134-9FE7-DCD0167A47FF}.Debug|Mixed Platforms.ActiveCfg = Debug|x86
		{9AD0C230-43BD-4134-9FE7-DCD0167A47FF}.Debug|Mixed Platforms.Build.0 = Debug|x86
		{9AD0C230-43BD-4134-9FE7-DCD0167A47FF}.Debug|x86.ActiveCfg = Debug|x86
		{9AD0C230-43BD-4134-9FE7-DCD0167A47FF}.Debug|x86.Build.0 = Debug|x86
		{9AD0C230-43BD-4134-9FE7-DCD0167A47FF}.Debug|Xbox 360.ActiveCfg = Debug|x86
		{9AD0C230-43BD-4134-9FE7-DCD0167A47FF}.Debug|Xbox 360.Build.0 = Debug|x86
		{9AD0C230-43BD-4134-9FE7-DCD0167A47FF}.Release|Any CPU.ActiveCfg = Release|x86
		{9AD0C230-43BD-4134-9FE7-DCD0167A47FF}.Release|Mixed Platforms.ActiveCfg = Release|x86
		{9AD0C230-43BD-4134-9FE7-DCD0167A47FF}.Release|Mixed Platforms.Build.0 = Release|x86
		{9AD0C230-43BD-4134-9FE7-DCD0167A47FF}.Release|x86.ActiveCfg = Debug|x86
		{9AD0C230-43BD-4134-9FE7-DCD0167A47FF}.Release|x86.Build.0 = Debug|x86
		{9AD0C230-43BD-4134-9FE7-DCD0167A47FF}.Release|Xbox 360.ActiveCfg = Debug|x86
		{9AD0C230-43BD-4134-9FE7-DCD0167A47FF}.Release|Xbox 360.Build.0 = Debug|x86
		{2BD10BAE-3E09-45FB-A684-D16B8861FC46}.Debug|Any CPU.ActiveCfg = Debug|Xbox 360
		{2BD10BAE-3E09-45FB-A684-D16B8861FC46}.Debug|Mixed Platforms.ActiveCfg = Debug|Xbox 360
		{2BD10BAE-3E09-45FB-A684-D16B8861FC46}.Debug|Mixed Platforms.Build.0 = Debug|Xbox 360
		{2BD10BAE-3E09-45FB-A684-D16B8861FC46}.Debug|x86.ActiveCfg = Debug|Xbox 360
		{2BD10BAE-3E09-45FB-A684-D16B8861FC46}.Debug|Xbox 360.ActiveCfg = Debug|Xbox 360
		{2BD10BAE-3E09-45FB-A684-D16B8861FC46}.Debug|Xbox 360.Build.0 = Debug|Xbox 360
		{2BD10BAE-3E09-45FB-A684-D16B8861FC46}.Release|Any CPU.ActiveCfg = Release|Xbox 360
		{2BD10BAE-3E09-45FB-A684-D16B8861FC46}.Release|Mixed Platforms.ActiveCfg = Release|Xbox 360
		{2BD10BAE-3E09-45FB-A684-D16B8861FC46}.Release|Mixed Platforms.Build.0 = Release|Xbox 360
		{2BD10BAE-3E09-45FB-A684-D16B8861FC46}.Release|x86.ActiveCfg = Release|Xbox 360
		{2BD10BAE-3E09-45FB-A684-D16B8861FC46}.Release|Xbox 360.ActiveCfg = Release|Xbox 360
		{2BD10BAE-3E09-45FB-A684-D16B8861FC46}.Release|Xbox 360.Build.0 = Release|Xbox 360
		{0F1D9300-E625-4113-961F-0E11B902FB1C}.Debug|Any CPU.ActiveCfg = Debug|Xbox 360
		{0F1D9300-E625-4113-961F-0E11B902FB1C}.Debug|Mixed Platforms.ActiveCfg = Debug|Xbox 360
		{0F1D9300-E625-4113-961F-0E11B902FB1C}.Debug|Mixed Platforms.Build.0 = Debug|Xbox 360
		{0F1D9300-E625-4113-961F-0E11B902FB1C}.Debug|x86.ActiveCfg = Debug|Xbox 360
		{0F1D9300-E625-4113-961F-0E11B902FB1C}.Debug|Xbox 360.ActiveCfg = Debug|Xbox 360
		{0F1D9300-E625-4113-961F-0E11B902FB1C}.Debug|Xbox 360.Build.0 = Debug|Xbox 360
		{0F1D9300-E625-4113-961F-0E11B902FB1C}.Debug|Xbox 360.Deploy.0 = Debug|Xbox 360
		{0F1D9300-E625-4113-961F-0E11B902FB1C}.Release|Any CPU.ActiveCfg = Release|Xbox 360
		{0F1D9300-E625-4113-961F-0E11B902FB1C}.Release|Mixed Platforms.ActiveCfg = Release|Xbox 360
		{0F1D9300-E625-4113-961F-0E11B902FB1C}.Release|Mixed Platforms.Build.0 = Release|Xbox 360
		{0F1D9300-E625-4113-961F-0E11B902FB1C}.Release|x86.ActiveCfg = Release|Xbox 360
		{0F1D9300-E625-4113-961F-0E11B902FB1C}.Release|Xbox 360.ActiveCfg = Release|Xbox 360
		{0F1D9300-E625-4113-961F-0E11B902FB1C}.Release|Xbox 360.Build.0 = Release|Xbox 360
		{0F1D9300-E625-4113-961F-0E11B902FB1C}.Release|Xbox 360.Deploy.0 = Release|Xbox 360
		{5016D664-F073-4052-9B7D-E1B0E4C90BC9}.Debug|Any CPU.ActiveCfg = Debug|x86
		{5016D664-F073-4052-9B7D-E1B0E4C90BC9}.Debug|Mixed Platforms.ActiveCfg = Debug|x86
		{5016D664-F073-4052-9B7D-E1B0E4C90BC9}.Debug|Mixed Platforms.Build.0 = Debug|x86
		{5016D664-F073-4052-9B7D-E1B0E4C90BC9}.Debug|x86.ActiveCfg = Debug|x86
		{5016D664-F073-4052-9B7D-E1B0E4C90BC9}.Debug|x86.Build.0 = Debug|x86
		{5016D664-F073-4052-9B7D-E1B0E4C90BC9}.Debug|Xbox 360.ActiveCfg = Debug|x86
		{5016D664-F073-4052-9B7D-E1B0E4C90BC9}.Debug|Xbox 360.Build.0 = Debug|x86
		{5016D664-F073-4052-9B7D-E1B0E4C90BC9}.Release|Any CPU.ActiveCfg = Release|x86
		{5016D664-F073-4052-9B7D-E1B0E4C90BC9}.Release|Mixed Platforms.ActiveCfg = Release|x86
		{5016D664-F073-4052-9B7D-E1B0E4C90BC9}.Release|Mixed Platforms.Build.0 = Release|x86
		{5016D664-F073-4052-9B7D-E1B0E4C90BC9}.Release|x86.ActiveCfg = Release|x86
		{5016D664-F073-4052-9B7D-E1B0E4C90BC9}.Release|x86.Build.0 = Release|x86
		{5016D664-F073-4052-9B7D-E1B0E4C90BC9}.Release|Xbox 360.ActiveCfg = Release|x86
		{5016D664-F073-4052-9B7D-E1B0E4C90BC9}.Release|Xbox 360.Build.0 = Release|x86
		{425409FA-C03A-448E-9776-59AB6C17AD30}.Debug|Any CPU.ActiveCfg = Debug|x86
		{425409FA-C03A-448E-9776-59AB6C17AD30}.Debug|Mixed Platforms.ActiveCfg = Debug|x86
		{425409FA-C03A-448E-9776-59AB6C17AD30}.Debug|Mixed Platforms.Build.0 = Debug|x86
		{425409FA-C03A-448E-9776-59AB6C17AD30}.Debug|x86.ActiveCfg = Debug|x86
		{425409FA-C03A-448E-9776-59AB6C17AD30}.Debug|x86.Build.0 = Debug|x86
		{425409FA-C03A-448E-9776-59AB6C17AD30}.Debug|Xbox 360.ActiveCfg = Debug|x86
		{425409FA-C03A-448E-9776-59AB6C17AD30}.Debug|Xbox 360.Build.0 = Debug|x86
		{425409FA-C03A-448E-9776-59AB6C17AD30}.Release|Any CPU.ActiveCfg = Release|x86
		{425409FA-C03A-448E-9776-59AB6C17AD30}.Release|Mixed Platforms.ActiveCfg = Release|x86
		{425409FA-C03A-448E-9776-59AB6C17AD30}.Release|Mixed Platforms.Build.0 = Release|x86
		{425409FA-C03A-448E-9776-59AB6C17AD30}.Release|x86.ActiveCfg = Release|x86
		{425409FA-C03A-448E-9776-59AB6C17AD30}.Release|x86.Build.0 = Release|x86
		{425409FA-C03A-448E-9776-59AB6C17AD30}.Release|Xbox 360.ActiveCfg = Release|x86
		{425409FA-C03A-448E-9776-59AB6C17AD30}.Release|Xbox 360.Build.0 = Release|x86
		{FD5214BB-0C81-491F-96DD-7967F645E9B5}.Debug|Any CPU.ActiveCfg = Debug|Any CPU
		{FD5214BB-0C81-491F-96DD-7967F645E9B5}.Debug|Any CPU.Build.0 = Debug|Any CPU
		{FD5214BB-0C81-491F-96DD-7967F645E9B5}.Debug|Mixed Platforms.ActiveCfg = Debug|Any CPU
		{FD5214BB-0C81-491F-96DD-7967F645E9B5}.Debug|Mixed Platforms.Build.0 = Debug|Any CPU
		{FD5214BB-0C81-491F-96DD-7967F645E9B5}.Debug|x86.ActiveCfg = Debug|Any CPU
		{FD5214BB-0C81-491F-96DD-7967F645E9B5}.Debug|x86.Build.0 = Debug|Any CPU
		{FD5214BB-0C81-491F-96DD-7967F645E9B5}.Debug|Xbox 360.ActiveCfg = Debug|Any CPU
		{FD5214BB-0C81-491F-96DD-7967F645E9B5}.Debug|Xbox 360.Build.0 = Debug|Any CPU
		{FD5214BB-0C81-491F-96DD-7967F645E9B5}.Release|Any CPU.ActiveCfg = Release|Any CPU
		{FD5214BB-0C81-491F-96DD-7967F645E9B5}.Release|Any CPU.Build.0 = Release|Any CPU
		{FD5214BB-0C81-491F-96DD-7967F645E9B5}.Release|Mixed Platforms.ActiveCfg = Release|Any CPU
		{FD5214BB-0C81-491F-96DD-7967F645E9B5}.Release|Mixed Platforms.Build.0 = Release|Any CPU
		{FD5214BB-0C81-491F-96DD-7967F645E9B5}.Release|x86.ActiveCfg = Release|Any CPU
		{FD5214BB-0C81-491F-96DD-7967F645E9B5}.Release|x86.Build.0 = Release|Any CPU
		{FD5214BB-0C81-491F-96DD-7967F645E9B5}.Release|Xbox 360.ActiveCfg = Release|Any CPU
		{FD5214BB-0C81-491F-96DD-7967F645E9B5}.Release|Xbox 360.Build.0 = Release|Any CPU
		{4A4503E7-D564-47AF-86B7-CBB26A8EAA5F}.Debug|Any CPU.ActiveCfg = Debug|Any CPU
		{4A4503E7-D564-47AF-86B7-CBB26A8EAA5F}.Debug|Any CPU.Build.0 = Debug|Any CPU
		{4A4503E7-D564-47AF-86B7-CBB26A8EAA5F}.Debug|Mixed Platforms.ActiveCfg = Debug|Any CPU
		{4A4503E7-D564-47AF-86B7-CBB26A8EAA5F}.Debug|Mixed Platforms.Build.0 = Debug|Any CPU
		{4A4503E7-D564-47AF-86B7-CBB26A8EAA5F}.Debug|x86.ActiveCfg = Debug|Any CPU
		{4A4503E7-D564-47AF-86B7-CBB26A8EAA5F}.Debug|x86.Build.0 = Debug|Any CPU
		{4A4503E7-D564-47AF-86B7-CBB26A8EAA5F}.Debug|Xbox 360.ActiveCfg = Debug|Any CPU
		{4A4503E7-D564-47AF-86B7-CBB26A8EAA5F}.Debug|Xbox 360.Build.0 = Debug|Any CPU
		{4A4503E7-D564-47AF-86B7-CBB26A8EAA5F}.Release|Any CPU.ActiveCfg = Release|Any CPU
		{4A4503E7-D564-47AF-86B7-CBB26A8EAA5F}.Release|Any CPU.Build.0 = Release|Any CPU
		{4A4503E7-D564-47AF-86B7-CBB26A8EAA5F}.Release|Mixed Platforms.ActiveCfg = Release|Any CPU
		{4A4503E7-D564-47AF-86B7-CBB26A8EAA5F}.Release|Mixed Platforms.Build.0 = Release|Any CPU
		{4A4503E7-D564-47AF-86B7-CBB26A8EAA5F}.Release|x86.ActiveCfg = Release|Any CPU
		{4A4503E7-D564-47AF-86B7-CBB26A8EAA5F}.Release|x86.Build.0 = Release|Any CPU
		{4A4503E7-D564-47AF-86B7-CBB26A8EAA5F}.Release|Xbox 360.ActiveCfg = Release|Any CPU
		{4A4503E7-D564-47AF-86B7-CBB26A8EAA5F}.Release|Xbox 360.Build.0 = Release|Any CPU
	EndGlobalSection
	GlobalSection(SolutionProperties) = preSolution
		HideSolutionNode = FALSE
	EndGlobalSection
	GlobalSection(NestedProjects) = preSolution
		{C813FA2A-A70B-4B1A-9CFC-BF9A0DBC26E2} = {4BAE147E-13E9-4F1F-943E-3B83CEB5356D}
		{4BAE147E-13E9-4F1F-943E-3B83CEB5356D} = {FEF993CD-A62C-43EB-B1D4-A98D110594BD}
		{BA065B0B-A744-4B1D-92E9-9EC81C155E38} = {5FC01E90-E1E8-4014-9BE2-88384EE5A1B7}
		{92887150-2657-4FE9-AC7B-9D0EEFFF1C99} = {5FC01E90-E1E8-4014-9BE2-88384EE5A1B7}
		{5FC01E90-E1E8-4014-9BE2-88384EE5A1B7} = {FEF993CD-A62C-43EB-B1D4-A98D110594BD}
		{5785AD15-6EFF-4E9D-97A4-408B4B808420} = {4BAE147E-13E9-4F1F-943E-3B83CEB5356D}
		{62764FB6-94B9-4F83-A790-9BEF5DC82498} = {5FC01E90-E1E8-4014-9BE2-88384EE5A1B7}
		{9AD0C230-43BD-4134-9FE7-DCD0167A47FF} = {5FC01E90-E1E8-4014-9BE2-88384EE5A1B7}
		{2BD10BAE-3E09-45FB-A684-D16B8861FC46} = {BA065B0B-A744-4B1D-92E9-9EC81C155E38}
		{0F1D9300-E625-4113-961F-0E11B902FB1C} = {BA065B0B-A744-4B1D-92E9-9EC81C155E38}
		{5016D664-F073-4052-9B7D-E1B0E4C90BC9} = {92887150-2657-4FE9-AC7B-9D0EEFFF1C99}
		{425409FA-C03A-448E-9776-59AB6C17AD30} = {92887150-2657-4FE9-AC7B-9D0EEFFF1C99}
		{D79C9720-EE85-4D63-B625-FB27EE7E2631} = {FEF993CD-A62C-43EB-B1D4-A98D110594BD}
		{FD5214BB-0C81-491F-96DD-7967F645E9B5} = {D79C9720-EE85-4D63-B625-FB27EE7E2631}
		{4A4503E7-D564-47AF-86B7-CBB26A8EAA5F} = {D79C9720-EE85-4D63-B625-FB27EE7E2631}
	EndGlobalSection
EndGlobal
